
Microsoft Visual Studio Solution File, Format Version 12.00
# Visual Studio Version 17
VisualStudioVersion = 17.14.36414.22 d17.14
MinimumVisualStudioVersion = 10.0.40219.1
Project("{FAE04EC0-301F-11D3-BF4B-00C04F79EFBC}") = "Car2", "Car2\Car2.csproj", "{1ECA977F-BB72-467B-B4CB-93F29B9C7E33}"
EndProject
Global
	GlobalSection(SolutionConfigurationPlatforms) = preSolution
		Debug|Any CPU = Debug|Any CPU
		Release|Any CPU = Release|Any CPU
	EndGlobalSection
	GlobalSection(ProjectConfigurationPlatforms) = postSolution
		{1ECA977F-BB72-467B-B4CB-93F29B9C7E33}.Debug|Any CPU.ActiveCfg = Debug|Any CPU
		{1ECA977F-BB72-467B-B4CB-93F29B9C7E33}.Debug|Any CPU.Build.0 = Debug|Any CPU
		{1ECA977F-BB72-467B-B4CB-93F29B9C7E33}.Release|Any CPU.ActiveCfg = Release|Any CPU
		{1ECA977F-BB72-467B-B4CB-93F29B9C7E33}.Release|Any CPU.Build.0 = Release|Any CPU
	EndGlobalSection
	GlobalSection(SolutionProperties) = preSolution
		HideSolutionNode = FALSE
	EndGlobalSection
	GlobalSection(ExtensibilityGlobals) = postSolution
		SolutionGuid = {D4079CC5-68AB-4CC3-8FC5-2C39CBA8E6A6}
	EndGlobalSection
EndGlobal
